
Microsoft Visual Studio Solution File, Format Version 12.00
# Visual Studio Version 16
VisualStudioVersion = 16.0.29102.190
MinimumVisualStudioVersion = 10.0.40219.1
Project("{FAE04EC0-301F-11D3-BF4B-00C04F79EFBC}") = "TimeMan", "TimeMan\TimeMan.csproj", "{BAEFF947-359D-4003-B2A8-57BF94415F16}"
EndProject
Global
	GlobalSection(SolutionConfigurationPlatforms) = preSolution
		Debug|Any CPU = Debug|Any CPU
		Release|Any CPU = Release|Any CPU
	EndGlobalSection
	GlobalSection(ProjectConfigurationPlatforms) = postSolution
		{BAEFF947-359D-4003-B2A8-57BF94415F16}.Debug|Any CPU.ActiveCfg = Debug|Any CPU
		{BAEFF947-359D-4003-B2A8-57BF94415F16}.Debug|Any CPU.Build.0 = Debug|Any CPU
		{BAEFF947-359D-4003-B2A8-57BF94415F16}.Release|Any CPU.ActiveCfg = Release|Any CPU
		{BAEFF947-359D-4003-B2A8-57BF94415F16}.Release|Any CPU.Build.0 = Release|Any CPU
	EndGlobalSection
	GlobalSection(SolutionProperties) = preSolution
		HideSolutionNode = FALSE
	EndGlobalSection
	GlobalSection(ExtensibilityGlobals) = postSolution
		SolutionGuid = {015D7A91-3D1C-441F-8D1E-9EB86084B028}
	EndGlobalSection
EndGlobal
